
Microsoft Visual Studio Solution File, Format Version 12.00
# Visual Studio Version 16
VisualStudioVersion = 16.0.31613.86
MinimumVisualStudioVersion = 10.0.40219.1
Project("{FAE04EC0-301F-11D3-BF4B-00C04F79EFBC}") = "ContosoPizza", "ContosoPizza\ContosoPizza.csproj", "{37C9FF5D-05F9-473C-A339-FAC35DA47B47}"
EndProject
Global
	GlobalSection(SolutionConfigurationPlatforms) = preSolution
		Debug|Any CPU = Debug|Any CPU
		Release|Any CPU = Release|Any CPU
	EndGlobalSection
	GlobalSection(ProjectConfigurationPlatforms) = postSolution
		{37C9FF5D-05F9-473C-A339-FAC35DA47B47}.Debug|Any CPU.ActiveCfg = Debug|Any CPU
		{37C9FF5D-05F9-473C-A339-FAC35DA47B47}.Debug|Any CPU.Build.0 = Debug|Any CPU
		{37C9FF5D-05F9-473C-A339-FAC35DA47B47}.Release|Any CPU.ActiveCfg = Release|Any CPU
		{37C9FF5D-05F9-473C-A339-FAC35DA47B47}.Release|Any CPU.Build.0 = Release|Any CPU
	EndGlobalSection
	GlobalSection(SolutionProperties) = preSolution
		HideSolutionNode = FALSE
	EndGlobalSection
	GlobalSection(ExtensibilityGlobals) = postSolution
		SolutionGuid = {9402E69E-E454-494A-8014-56E513912200}
	EndGlobalSection
EndGlobal
